// !$*UTF8*$!
{
	archiveVersion = 1;
	classes = {
	};
	objectVersion = 56;
	objects = {

/* Begin PBXBuildFile section */
		6496489F2A13FA2100F7A120 /* DynamicCell.swift in Sources */ = {isa = PBXBuildFile; fileRef = 6496489D2A13FA2100F7A120 /* DynamicCell.swift */; };
		A42804392A0915F2001C6774 /* AppDelegate.swift in Sources */ = {isa = PBXBuildFile; fileRef = A42804382A0915F2001C6774 /* AppDelegate.swift */; };
		A428043B2A0915F2001C6774 /* SceneDelegate.swift in Sources */ = {isa = PBXBuildFile; fileRef = A428043A2A0915F2001C6774 /* SceneDelegate.swift */; };
		A428043D2A0915F2001C6774 /* ViewController.swift in Sources */ = {isa = PBXBuildFile; fileRef = A428043C2A0915F2001C6774 /* ViewController.swift */; };
		A42804402A0915F2001C6774 /* Main.storyboard in Resources */ = {isa = PBXBuildFile; fileRef = A428043E2A0915F2001C6774 /* Main.storyboard */; };
		A42804422A0915F3001C6774 /* Assets.xcassets in Resources */ = {isa = PBXBuildFile; fileRef = A42804412A0915F3001C6774 /* Assets.xcassets */; };
		A42804452A0915F3001C6774 /* LaunchScreen.storyboard in Resources */ = {isa = PBXBuildFile; fileRef = A42804432A0915F3001C6774 /* LaunchScreen.storyboard */; };
		A428044E2A0917E3001C6774 /* DynamicViewController.swift in Sources */ = {isa = PBXBuildFile; fileRef = A428044C2A0917E3001C6774 /* DynamicViewController.swift */; };
/* End PBXBuildFile section */

/* Begin PBXFileReference section */
		6496489D2A13FA2100F7A120 /* DynamicCell.swift */ = {isa = PBXFileReference; lastKnownFileType = sourcecode.swift; path = DynamicCell.swift; sourceTree = "<group>"; };
		A42804352A0915F2001C6774 /* DynamicNibApp.app */ = {isa = PBXFileReference; explicitFileType = wrapper.application; includeInIndex = 0; path = DynamicNibApp.app; sourceTree = BUILT_PRODUCTS_DIR; };
		A42804382A0915F2001C6774 /* AppDelegate.swift */ = {isa = PBXFileReference; lastKnownFileType = sourcecode.swift; path = AppDelegate.swift; sourceTree = "<group>"; };
		A428043A2A0915F2001C6774 /* SceneDelegate.swift */ = {isa = PBXFileReference; lastKnownFileType = sourcecode.swift; path = SceneDelegate.swift; sourceTree = "<group>"; };
		A428043C2A0915F2001C6774 /* ViewController.swift */ = {isa = PBXFileReference; lastKnownFileType = sourcecode.swift; path = ViewController.swift; sourceTree = "<group>"; };
		A428043F2A0915F2001C6774 /* Base */ = {isa = PBXFileReference; lastKnownFileType = file.storyboard; name = Base; path = Base.lproj/Main.storyboard; sourceTree = "<group>"; };
		A42804412A0915F3001C6774 /* Assets.xcassets */ = {isa = PBXFileReference; lastKnownFileType = folder.assetcatalog; path = Assets.xcassets; sourceTree = "<group>"; };
		A42804442A0915F3001C6774 /* Base */ = {isa = PBXFileReference; lastKnownFileType = file.storyboard; name = Base; path = Base.lproj/LaunchScreen.storyboard; sourceTree = "<group>"; };
		A42804462A0915F3001C6774 /* Info.plist */ = {isa = PBXFileReference; lastKnownFileType = text.plist.xml; path = Info.plist; sourceTree = "<group>"; };
		A428044C2A0917E3001C6774 /* DynamicViewController.swift */ = {isa = PBXFileReference; lastKnownFileType = sourcecode.swift; path = DynamicViewController.swift; sourceTree = "<group>"; };
/* End PBXFileReference section */

/* Begin PBXFrameworksBuildPhase section */
		A42804322A0915F2001C6774 /* Frameworks */ = {
			isa = PBXFrameworksBuildPhase;
			buildActionMask = 2147483647;
			files = (
			);
			runOnlyForDeploymentPostprocessing = 0;
		};
/* End PBXFrameworksBuildPhase section */

/* Begin PBXGroup section */
		A428042C2A0915F2001C6774 = {
			isa = PBXGroup;
			children = (
				A42804372A0915F2001C6774 /* DynamicNibApp */,
				A42804362A0915F2001C6774 /* Products */,
			);
			sourceTree = "<group>";
		};
		A42804362A0915F2001C6774 /* Products */ = {
			isa = PBXGroup;
			children = (
				A42804352A0915F2001C6774 /* DynamicNibApp.app */,
			);
			name = Products;
			sourceTree = "<group>";
		};
		A42804372A0915F2001C6774 /* DynamicNibApp */ = {
			isa = PBXGroup;
			children = (
				A42804382A0915F2001C6774 /* AppDelegate.swift */,
				A428043A2A0915F2001C6774 /* SceneDelegate.swift */,
				A428043C2A0915F2001C6774 /* ViewController.swift */,
				A428043E2A0915F2001C6774 /* Main.storyboard */,
				A42804412A0915F3001C6774 /* Assets.xcassets */,
				A42804432A0915F3001C6774 /* LaunchScreen.storyboard */,
				A42804462A0915F3001C6774 /* Info.plist */,
				A428044C2A0917E3001C6774 /* DynamicViewController.swift */,
				6496489D2A13FA2100F7A120 /* DynamicCell.swift */,
			);
			path = DynamicNibApp;
			sourceTree = "<group>";
		};
/* End PBXGroup section */

/* Begin PBXNativeTarget section */
		A42804342A0915F2001C6774 /* DynamicNibApp */ = {
			isa = PBXNativeTarget;
			buildConfigurationList = A42804492A0915F3001C6774 /* Build configuration list for PBXNativeTarget "DynamicNibApp" */;
			buildPhases = (
				A42804312A0915F2001C6774 /* Sources */,
				A42804322A0915F2001C6774 /* Frameworks */,
				A42804332A0915F2001C6774 /* Resources */,
			);
			buildRules = (
			);
			dependencies = (
			);
			name = DynamicNibApp;
			productName = DynamicNibApp;
			productReference = A42804352A0915F2001C6774 /* DynamicNibApp.app */;
			productType = "com.apple.product-type.application";
		};
/* End PBXNativeTarget section */

/* Begin PBXProject section */
		A428042D2A0915F2001C6774 /* Project object */ = {
			isa = PBXProject;
			attributes = {
				BuildIndependentTargetsInParallel = 1;
				LastSwiftUpdateCheck = 1430;
				LastUpgradeCheck = 1430;
				TargetAttributes = {
					A42804342A0915F2001C6774 = {
						CreatedOnToolsVersion = 14.3;
					};
				};
			};
			buildConfigurationList = A42804302A0915F2001C6774 /* Build configuration list for PBXProject "DynamicNibApp" */;
			compatibilityVersion = "Xcode 14.0";
			developmentRegion = en;
			hasScannedForEncodings = 0;
			knownRegions = (
				en,
				Base,
			);
			mainGroup = A428042C2A0915F2001C6774;
			productRefGroup = A42804362A0915F2001C6774 /* Products */;
			projectDirPath = "";
			projectRoot = "";
			targets = (
				A42804342A0915F2001C6774 /* DynamicNibApp */,
			);
		};
/* End PBXProject section */

/* Begin PBXResourcesBuildPhase section */
		A42804332A0915F2001C6774 /* Resources */ = {
			isa = PBXResourcesBuildPhase;
			buildActionMask = 2147483647;
			files = (
				A42804452A0915F3001C6774 /* LaunchScreen.storyboard in Resources */,
				A42804422A0915F3001C6774 /* Assets.xcassets in Resources */,
				A42804402A0915F2001C6774 /* Main.storyboard in Resources */,
			);
			runOnlyForDeploymentPostprocessing = 0;
		};
/* End PBXResourcesBuildPhase section */

/* Begin PBXSourcesBuildPhase section */
		A42804312A0915F2001C6774 /* Sources */ = {
			isa = PBXSourcesBuildPhase;
			buildActionMask = 2147483647;
			files = (
				A428043D2A0915F2001C6774 /* ViewController.swift in Sources */,
				A42804392A0915F2001C6774 /* AppDelegate.swift in Sources */,
				A428044E2A0917E3001C6774 /* DynamicViewController.swift in Sources */,
				A428043B2A0915F2001C6774 /* SceneDelegate.swift in Sources */,
				6496489F2A13FA2100F7A120 /* DynamicCell.swift in Sources */,
			);
			runOnlyForDeploymentPostprocessing = 0;
		};
/* End PBXSourcesBuildPhase section */

/* Begin PBXVariantGroup section */
		A428043E2A0915F2001C6774 /* Main.storyboard */ = {
			isa = PBXVariantGroup;
			children = (
				A428043F2A0915F2001C6774 /* Base */,
			);
			name = Main.storyboard;
			sourceTree = "<group>";
		};
		A42804432A0915F3001C6774 /* LaunchScreen.storyboard */ = {
			isa = PBXVariantGroup;
			children = (
				A42804442A0915F3001C6774 /* Base */,
			);
			name = LaunchScreen.storyboard;
			sourceTree = "<group>";
		};
/* End PBXVariantGroup section */

/* Begin XCBuildConfiguration section */
		A42804472A0915F3001C6774 /* Debug */ = {
			isa = XCBuildConfiguration;
			buildSettings = {
				ALWAYS_SEARCH_USER_PATHS = NO;
				CLANG_ANALYZER_NONNULL = YES;
				CLANG_ANALYZER_NUMBER_OBJECT_CONVERSION = YES_AGGRESSIVE;
				CLANG_CXX_LANGUAGE_STANDARD = "gnu++20";
				CLANG_ENABLE_MODULES = YES;
				CLANG_ENABLE_OBJC_ARC = YES;
				CLANG_ENABLE_OBJC_WEAK = YES;
				CLANG_WARN_BLOCK_CAPTURE_AUTORELEASING = YES;
				CLANG_WARN_BOOL_CONVERSION = YES;
				CLANG_WARN_COMMA = YES;
				CLANG_WARN_CONSTANT_CONVERSION = YES;
				CLANG_WARN_DEPRECATED_OBJC_IMPLEMENTATIONS = YES;
				CLANG_WARN_DIRECT_OBJC_ISA_USAGE = YES_ERROR;
				CLANG_WARN_DOCUMENTATION_COMMENTS = YES;
				CLANG_WARN_EMPTY_BODY = YES;
				CLANG_WARN_ENUM_CONVERSION = YES;
				CLANG_WARN_INFINITE_RECURSION = YES;
				CLANG_WARN_INT_CONVERSION = YES;
				CLANG_WARN_NON_LITERAL_NULL_CONVERSION = YES;
				CLANG_WARN_OBJC_IMPLICIT_RETAIN_SELF = YES;
				CLANG_WARN_OBJC_LITERAL_CONVERSION = YES;
				CLANG_WARN_OBJC_ROOT_CLASS = YES_ERROR;
				CLANG_WARN_QUOTED_INCLUDE_IN_FRAMEWORK_HEADER = YES;
				CLANG_WARN_RANGE_LOOP_ANALYSIS = YES;
				CLANG_WARN_STRICT_PROTOTYPES = YES;
				CLANG_WARN_SUSPICIOUS_MOVE = YES;
				CLANG_WARN_UNGUARDED_AVAILABILITY = YES_AGGRESSIVE;
				CLANG_WARN_UNREACHABLE_CODE = YES;
				CLANG_WARN__DUPLICATE_METHOD_MATCH = YES;
				COPY_PHASE_STRIP = NO;
				DEBUG_INFORMATION_FORMAT = dwarf;
				ENABLE_STRICT_OBJC_MSGSEND = YES;
				ENABLE_TESTABILITY = YES;
				GCC_C_LANGUAGE_STANDARD = gnu11;
				GCC_DYNAMIC_NO_PIC = NO;
				GCC_NO_COMMON_BLOCKS = YES;
				GCC_OPTIMIZATION_LEVEL = 0;
				GCC_PREPROCESSOR_DEFINITIONS = (
					"DEBUG=1",
					"$(inherited)",
				);
				GCC_WARN_64_TO_32_BIT_CONVERSION = YES;
				GCC_WARN_ABOUT_RETURN_TYPE = YES_ERROR;
				GCC_WARN_UNDECLARED_SELECTOR = YES;
				GCC_WARN_UNINITIALIZED_AUTOS = YES_AGGRESSIVE;
				GCC_WARN_UNUSED_FUNCTION = YES;
				GCC_WARN_UNUSED_VARIABLE = YES;
				IPHONEOS_DEPLOYMENT_TARGET = 16.4;
				MTL_ENABLE_DEBUG_INFO = INCLUDE_SOURCE;
				MTL_FAST_MATH = YES;
				ONLY_ACTIVE_ARCH = YES;
				SDKROOT = iphoneos;
				SWIFT_ACTIVE_COMPILATION_CONDITIONS = DEBUG;
				SWIFT_OPTIMIZATION_LEVEL = "-Onone";
			};
			name = Debug;
		};
		A42804482A0915F3001C6774 /* Release */ = {
			isa = XCBuildConfiguration;
			buildSettings = {
				ALWAYS_SEARCH_USER_PATHS = NO;
				CLANG_ANALYZER_NONNULL = YES;
				CLANG_ANALYZER_NUMBER_OBJECT_CONVERSION = YES_AGGRESSIVE;
				CLANG_CXX_LANGUAGE_STANDARD = "gnu++20";
				CLANG_ENABLE_MODULES = YES;
				CLANG_ENABLE_OBJC_ARC = YES;
				CLANG_ENABLE_OBJC_WEAK = YES;
				CLANG_WARN_BLOCK_CAPTURE_AUTORELEASING = YES;
				CLANG_WARN_BOOL_CONVERSION = YES;
				CLANG_WARN_COMMA = YES;
				CLANG_WARN_CONSTANT_CONVERSION = YES;
				CLANG_WARN_DEPRECATED_OBJC_IMPLEMENTATIONS = YES;
				CLANG_WARN_DIRECT_OBJC_ISA_USAGE = YES_ERROR;
				CLANG_WARN_DOCUMENTATION_COMMENTS = YES;
				CLANG_WARN_EMPTY_BODY = YES;
				CLANG_WARN_ENUM_CONVERSION = YES;
				CLANG_WARN_INFINITE_RECURSION = YES;
				CLANG_WARN_INT_CONVERSION = YES;
				CLANG_WARN_NON_LITERAL_NULL_CONVERSION = YES;
				CLANG_WARN_OBJC_IMPLICIT_RETAIN_SELF = YES;
				CLANG_WARN_OBJC_LITERAL_CONVERSION = YES;
				CLANG_WARN_OBJC_ROOT_CLASS = YES_ERROR;
				CLANG_WARN_QUOTED_INCLUDE_IN_FRAMEWORK_HEADER = YES;
				CLANG_WARN_RANGE_LOOP_ANALYSIS = YES;
				CLANG_WARN_STRICT_PROTOTYPES = YES;
				CLANG_WARN_SUSPICIOUS_MOVE = YES;
				CLANG_WARN_UNGUARDED_AVAILABILITY = YES_AGGRESSIVE;
				CLANG_WARN_UNREACHABLE_CODE = YES;
				CLANG_WARN__DUPLICATE_METHOD_MATCH = YES;
				COPY_PHASE_STRIP = NO;
				DEBUG_INFORMATION_FORMAT = "dwarf-with-dsym";
				ENABLE_NS_ASSERTIONS = NO;
				ENABLE_STRICT_OBJC_MSGSEND = YES;
				GCC_C_LANGUAGE_STANDARD = gnu11;
				GCC_NO_COMMON_BLOCKS = YES;
				GCC_WARN_64_TO_32_BIT_CONVERSION = YES;
				GCC_WARN_ABOUT_RETURN_TYPE = YES_ERROR;
				GCC_WARN_UNDECLARED_SELECTOR = YES;
				GCC_WARN_UNINITIALIZED_AUTOS = YES_AGGRESSIVE;
				GCC_WARN_UNUSED_FUNCTION = YES;
				GCC_WARN_UNUSED_VARIABLE = YES;
				IPHONEOS_DEPLOYMENT_TARGET = 16.4;
				MTL_ENABLE_DEBUG_INFO = NO;
				MTL_FAST_MATH = YES;
				SDKROOT = iphoneos;
				SWIFT_COMPILATION_MODE = wholemodule;
				SWIFT_OPTIMIZATION_LEVEL = "-O";
				VALIDATE_PRODUCT = YES;
			};
			name = Release;
		};
		A428044A2A0915F3001C6774 /* Debug */ = {
			isa = XCBuildConfiguration;
			buildSettings = {
				ASSETCATALOG_COMPILER_APPICON_NAME = AppIcon;
				ASSETCATALOG_COMPILER_GLOBAL_ACCENT_COLOR_NAME = AccentColor;
				CODE_SIGN_STYLE = Automatic;
				CURRENT_PROJECT_VERSION = 1;
				DEVELOPMENT_TEAM = 3B94JJL8LC;
				GENERATE_INFOPLIST_FILE = YES;
				INFOPLIST_FILE = DynamicNibApp/Info.plist;
				INFOPLIST_KEY_UIApplicationSupportsIndirectInputEvents = YES;
				INFOPLIST_KEY_UILaunchStoryboardName = LaunchScreen;
				INFOPLIST_KEY_UIMainStoryboardFile = Main;
				INFOPLIST_KEY_UISupportedInterfaceOrientations_iPad = "UIInterfaceOrientationPortrait UIInterfaceOrientationPortraitUpsideDown UIInterfaceOrientationLandscapeLeft UIInterfaceOrientationLandscapeRight";
				INFOPLIST_KEY_UISupportedInterfaceOrientations_iPhone = "UIInterfaceOrientationPortrait UIInterfaceOrientationLandscapeLeft UIInterfaceOrientationLandscapeRight";
				LD_RUNPATH_SEARCH_PATHS = (
					"$(inherited)",
					"@executable_path/Frameworks",
				);
				MARKETING_VERSION = 1.0;
				PRODUCT_BUNDLE_IDENTIFIER = com.soumya.DynamicNibApp;
				PRODUCT_NAME = "$(TARGET_NAME)";
				SWIFT_EMIT_LOC_STRINGS = YES;
				SWIFT_VERSION = 5.0;
				TARGETED_DEVICE_FAMILY = "1,2";
			};
			name = Debug;
		};
		A428044B2A0915F3001C6774 /* Release */ = {
			isa = XCBuildConfiguration;
			buildSettings = {
				ASSETCATALOG_COMPILER_APPICON_NAME = AppIcon;
				ASSETCATALOG_COMPILER_GLOBAL_ACCENT_COLOR_NAME = AccentColor;
				CODE_SIGN_STYLE = Automatic;
				CURRENT_PROJECT_VERSION = 1;
				DEVELOPMENT_TEAM = 3B94JJL8LC;
				GENERATE_INFOPLIST_FILE = YES;
				INFOPLIST_FILE = DynamicNibApp/Info.plist;
				INFOPLIST_KEY_UIApplicationSupportsIndirectInputEvents = YES;
				INFOPLIST_KEY_UILaunchStoryboardName = LaunchScreen;
				INFOPLIST_KEY_UIMainStoryboardFile = Main;
				INFOPLIST_KEY_UISupportedInterfaceOrientations_iPad = "UIInterfaceOrientationPortrait UIInterfaceOrientationPortraitUpsideDown UIInterfaceOrientationLandscapeLeft UIInterfaceOrientationLandscapeRight";
				INFOPLIST_KEY_UISupportedInterfaceOrientations_iPhone = "UIInterfaceOrientationPortrait UIInterfaceOrientationLandscapeLeft UIInterfaceOrientationLandscapeRight";
				LD_RUNPATH_SEARCH_PATHS = (
					"$(inherited)",
					"@executable_path/Frameworks",
				);
				MARKETING_VERSION = 1.0;
				PRODUCT_BUNDLE_IDENTIFIER = com.soumya.DynamicNibApp;
				PRODUCT_NAME = "$(TARGET_NAME)";
				SWIFT_EMIT_LOC_STRINGS = YES;
				SWIFT_VERSION = 5.0;
				TARGETED_DEVICE_FAMILY = "1,2";
			};
			name = Release;
		};
/* End XCBuildConfiguration section */

/* Begin XCConfigurationList section */
		A42804302A0915F2001C6774 /* Build configuration list for PBXProject "DynamicNibApp" */ = {
			isa = XCConfigurationList;
			buildConfigurations = (
				A42804472A0915F3001C6774 /* Debug */,
				A42804482A0915F3001C6774 /* Release */,
			);
			defaultConfigurationIsVisible = 0;
			defaultConfigurationName = Release;
		};
		A42804492A0915F3001C6774 /* Build configuration list for PBXNativeTarget "DynamicNibApp" */ = {
			isa = XCConfigurationList;
			buildConfigurations = (
				A428044A2A0915F3001C6774 /* Debug */,
				A428044B2A0915F3001C6774 /* Release */,
			);
			defaultConfigurationIsVisible = 0;
			defaultConfigurationName = Release;
		};
/* End XCConfigurationList section */
	};
	rootObject = A428042D2A0915F2001C6774 /* Project object */;
}
